<?xml version="1.0" encoding="utf-8"?>
<Project ToolsVersion="17.0" xmlns="http://schemas.microsoft.com/developer/msbuild/2003">
  <ItemGroup>
    <CustomBuild Include="C:\Users\wanis\Desktop\home_db\CMakeFiles\37db54c2a690a623596ec442360ceed3\PACKAGE_force.rule">
      <Filter>CMake Rules</Filter>
    </CustomBuild>
  </ItemGroup>
  <ItemGroup>
    <Filter Include="CMake Rules">
      <UniqueIdentifier>{BEF2DDBC-3F45-3B9E-B496-144035F2EBEC}</UniqueIdentifier>
    </Filter>
  </ItemGroup>
</Project>
